{
  "lockfile_version": "1",
  "packages": {
    "argocd@3.1.6": {
      "last_modified": "2025-09-21T00:54:27Z",
      "resolved": "github:NixOS/nixpkgs/51c8f9cfaae8306d135095bcdb3df9027f95542d#argocd",
      "source": "devbox-search",
      "version": "3.1.6",
      "systems": {
        "aarch64-darwin": {
          "outputs": [
            {
              "name": "out",
              "path": "/nix/store/dfpcqp8jqwd29x81nfxl6czi2gxns39k-argocd-3.1.6",
              "default": true
            }
          ],
          "store_path": "/nix/store/dfpcqp8jqwd29x81nfxl6czi2gxns39k-argocd-3.1.6"
        },
        "aarch64-linux": {
          "outputs": [
            {
              "name": "out",
              "path": "/nix/store/wn9iwmshygy0ac1fbz8lj09xylyc0dkj-argocd-3.1.6",
              "default": true
            }
          ],
          "store_path": "/nix/store/wn9iwmshygy0ac1fbz8lj09xylyc0dkj-argocd-3.1.6"
        },
        "x86_64-darwin": {
          "outputs": [
            {
              "name": "out",
              "path": "/nix/store/z6vwdl2g94746w4fy1fr225qqlaryw8b-argocd-3.1.6",
              "default": true
            }
          ],
          "store_path": "/nix/store/z6vwdl2g94746w4fy1fr225qqlaryw8b-argocd-3.1.6"
        },
        "x86_64-linux": {
          "outputs": [
            {
              "name": "out",
              "path": "/nix/store/azbb8jqglifa6wqjkfad9mfjjbq75f8a-argocd-3.1.6",
              "default": true
            }
          ],
          "store_path": "/nix/store/azbb8jqglifa6wqjkfad9mfjjbq75f8a-argocd-3.1.6"
        }
      }
    },
    "bpytop@1.0.68": {
      "last_modified": "2023-02-14T00:52:29Z",
      "resolved": "github:NixOS/nixpkgs/0a25e2c87e784bf7e06e7833ec0e06d34836959a#bpytop",
      "source": "devbox-search",
      "version": "1.0.68",
      "systems": {
        "aarch64-darwin": {
          "outputs": [
            {
              "name": "out",
              "path": "/nix/store/k2wvivbhs6f4pzp07zi8v8ar1c1j2war-bpytop-1.0.68",
              "default": true
            }
          ],
          "store_path": "/nix/store/k2wvivbhs6f4pzp07zi8v8ar1c1j2war-bpytop-1.0.68"
        },
        "aarch64-linux": {
          "outputs": [
            {
              "name": "out",
              "path": "/nix/store/ciqlh9mkkpplmrn2p9xgj3bns7nr2755-bpytop-1.0.68",
              "default": true
            }
          ],
          "store_path": "/nix/store/ciqlh9mkkpplmrn2p9xgj3bns7nr2755-bpytop-1.0.68"
        },
        "x86_64-darwin": {
          "outputs": [
            {
              "name": "out",
              "path": "/nix/store/q9nggzp32wvcrdr0ll1gg9ra97ypzj6f-bpytop-1.0.68",
              "default": true
            }
          ],
          "store_path": "/nix/store/q9nggzp32wvcrdr0ll1gg9ra97ypzj6f-bpytop-1.0.68"
        },
        "x86_64-linux": {
          "outputs": [
            {
              "name": "out",
              "path": "/nix/store/c15nyqp6fm2fyigijqpmh1xh7mlrqbn6-bpytop-1.0.68",
              "default": true
            }
          ],
          "store_path": "/nix/store/c15nyqp6fm2fyigijqpmh1xh7mlrqbn6-bpytop-1.0.68"
        }
      }
    },
    "checkov@3.2.471": {
      "last_modified": "2025-09-21T00:54:27Z",
      "resolved": "github:NixOS/nixpkgs/51c8f9cfaae8306d135095bcdb3df9027f95542d#checkov",
      "source": "devbox-search",
      "version": "3.2.471",
      "systems": {
        "aarch64-darwin": {
          "outputs": [
            {
              "name": "out",
              "path": "/nix/store/3n8660dvrldhix29fyivb1yl3nb75f39-checkov-3.2.471",
              "default": true
            },
            {
              "name": "dist",
              "path": "/nix/store/r0ndibz3zi4xd3pvrqf7iapp66vridwg-checkov-3.2.471-dist"
            }
          ],
          "store_path": "/nix/store/3n8660dvrldhix29fyivb1yl3nb75f39-checkov-3.2.471"
        },
        "aarch64-linux": {
          "outputs": [
            {
              "name": "out",
              "path": "/nix/store/kwmck7mn39namvz1x2py9pivcyrvivsr-checkov-3.2.471",
              "default": true
            },
            {
              "name": "dist",
              "path": "/nix/store/xk70b3rap4kz2acwy6mh0dg42985k8xv-checkov-3.2.471-dist"
            }
          ],
          "store_path": "/nix/store/kwmck7mn39namvz1x2py9pivcyrvivsr-checkov-3.2.471"
        },
        "x86_64-darwin": {
          "outputs": [
            {
              "name": "out",
              "path": "/nix/store/3jfdkjzi64r0ah0ndxf83idzsih7l6zp-checkov-3.2.471",
              "default": true
            },
            {
              "name": "dist",
              "path": "/nix/store/a45bq8bm8v24lq632k1khrpvi9f1nyal-checkov-3.2.471-dist"
            }
          ],
          "store_path": "/nix/store/3jfdkjzi64r0ah0ndxf83idzsih7l6zp-checkov-3.2.471"
        },
        "x86_64-linux": {
          "outputs": [
            {
              "name": "out",
              "path": "/nix/store/m3ci8vc0saxbnvc0m88n0zigaa8gamx1-checkov-3.2.471",
              "default": true
            },
            {
              "name": "dist",
              "path": "/nix/store/62a9xad16yqzj28amr4kr2bm2xd9w0jm-checkov-3.2.471-dist"
            }
          ],
          "store_path": "/nix/store/m3ci8vc0saxbnvc0m88n0zigaa8gamx1-checkov-3.2.471"
        }
      }
    },
    "cilium-cli@0.18.7": {
      "last_modified": "2025-09-18T16:33:27Z",
      "resolved": "github:NixOS/nixpkgs/f4b140d5b253f5e2a1ff4e5506edbf8267724bde#cilium-cli",
      "source": "devbox-search",
      "version": "0.18.7",
      "systems": {
        "aarch64-darwin": {
          "outputs": [
            {
              "name": "out",
              "path": "/nix/store/fv9zccz2f6zggbnf3zhx7rrqcxwr5pik-cilium-cli-0.18.7",
              "default": true
            }
          ],
          "store_path": "/nix/store/fv9zccz2f6zggbnf3zhx7rrqcxwr5pik-cilium-cli-0.18.7"
        },
        "aarch64-linux": {
          "outputs": [
            {
              "name": "out",
              "path": "/nix/store/p5d6pffi2nkvw1hsvadvrn1qs4x0ds4r-cilium-cli-0.18.7",
              "default": true
            }
          ],
          "store_path": "/nix/store/p5d6pffi2nkvw1hsvadvrn1qs4x0ds4r-cilium-cli-0.18.7"
        },
        "x86_64-darwin": {
          "outputs": [
            {
              "name": "out",
              "path": "/nix/store/nb5dl5h5axm1fday1qbayz5is1qj6dma-cilium-cli-0.18.7",
              "default": true
            }
          ],
          "store_path": "/nix/store/nb5dl5h5axm1fday1qbayz5is1qj6dma-cilium-cli-0.18.7"
        },
        "x86_64-linux": {
          "outputs": [
            {
              "name": "out",
              "path": "/nix/store/r0g78ljp2m7fj32z2iaggxmxjqbvav5q-cilium-cli-0.18.7",
              "default": true
            }
          ],
          "store_path": "/nix/store/r0g78ljp2m7fj32z2iaggxmxjqbvav5q-cilium-cli-0.18.7"
        }
      }
    },
    "commitlint-rs@0.2.3": {
      "last_modified": "2025-09-18T16:33:27Z",
      "resolved": "github:NixOS/nixpkgs/f4b140d5b253f5e2a1ff4e5506edbf8267724bde#commitlint-rs",
      "source": "devbox-search",
      "version": "0.2.3",
      "systems": {
        "aarch64-darwin": {
          "outputs": [
            {
              "name": "out",
              "path": "/nix/store/arij9v5j83j758d89wgxhrx4gd93q1g2-commitlint-rs-0.2.3",
              "default": true
            }
          ],
          "store_path": "/nix/store/arij9v5j83j758d89wgxhrx4gd93q1g2-commitlint-rs-0.2.3"
        },
        "aarch64-linux": {
          "outputs": [
            {
              "name": "out",
              "path": "/nix/store/8grnacxadkvfrz1rjqvm0bxirlkh9apn-commitlint-rs-0.2.3",
              "default": true
            }
          ],
          "store_path": "/nix/store/8grnacxadkvfrz1rjqvm0bxirlkh9apn-commitlint-rs-0.2.3"
        },
        "x86_64-darwin": {
          "outputs": [
            {
              "name": "out",
              "path": "/nix/store/3ghi3vb9cz4n3793ad9dw5avqfh5bi6z-commitlint-rs-0.2.3",
              "default": true
            }
          ],
          "store_path": "/nix/store/3ghi3vb9cz4n3793ad9dw5avqfh5bi6z-commitlint-rs-0.2.3"
        },
        "x86_64-linux": {
          "outputs": [
            {
              "name": "out",
              "path": "/nix/store/vwigiav7mpxwy6ka25yixc2r4606vl0x-commitlint-rs-0.2.3",
              "default": true
            }
          ],
          "store_path": "/nix/store/vwigiav7mpxwy6ka25yixc2r4606vl0x-commitlint-rs-0.2.3"
        }
      }
    },
    "conftest@0.62.0": {
      "last_modified": "2025-09-18T16:33:27Z",
      "resolved": "github:NixOS/nixpkgs/f4b140d5b253f5e2a1ff4e5506edbf8267724bde#conftest",
      "source": "devbox-search",
      "version": "0.62.0",
      "systems": {
        "aarch64-darwin": {
          "outputs": [
            {
              "name": "out",
              "path": "/nix/store/nsw50p4d58cj8r2jh9amk1xvmd2w024z-conftest-0.62.0",
              "default": true
            }
          ],
          "store_path": "/nix/store/nsw50p4d58cj8r2jh9amk1xvmd2w024z-conftest-0.62.0"
        },
        "aarch64-linux": {
          "outputs": [
            {
              "name": "out",
              "path": "/nix/store/383kzj45l6293as5zwf0yv3a41z21rgx-conftest-0.62.0",
              "default": true
            }
          ],
          "store_path": "/nix/store/383kzj45l6293as5zwf0yv3a41z21rgx-conftest-0.62.0"
        },
        "x86_64-darwin": {
          "outputs": [
            {
              "name": "out",
              "path": "/nix/store/hk7wqw7iimqq2xl77l0dghvxq8mgyalh-conftest-0.62.0",
              "default": true
            }
          ],
          "store_path": "/nix/store/hk7wqw7iimqq2xl77l0dghvxq8mgyalh-conftest-0.62.0"
        },
        "x86_64-linux": {
          "outputs": [
            {
              "name": "out",
              "path": "/nix/store/ai5zrcl41dkwmlwfqygn8lfixd1g8k48-conftest-0.62.0",
              "default": true
            }
          ],
          "store_path": "/nix/store/ai5zrcl41dkwmlwfqygn8lfixd1g8k48-conftest-0.62.0"
        }
      }
    },
    "github:NixOS/nixpkgs/nixpkgs-unstable": {
      "last_modified": "2025-10-01T12:36:30Z",
      "resolved": "github:NixOS/nixpkgs/ee4cd98afba682ca27242f2d7fdbd8583f6ef51a?lastModified=1759322190&narHash=sha256-s%2B0wBPx9FAphKv8BYRN7OLCiZkiK1Dc8ebbCzczI9S8%3D"
    },
    "go-task@3.44.1": {
      "last_modified": "2025-09-18T16:33:27Z",
      "resolved": "github:NixOS/nixpkgs/f4b140d5b253f5e2a1ff4e5506edbf8267724bde#go-task",
      "source": "devbox-search",
      "version": "3.44.1",
      "systems": {
        "aarch64-darwin": {
          "outputs": [
            {
              "name": "out",
              "path": "/nix/store/p58fz5g7zai0bgh6rqyg9hfz0hmvng4m-go-task-3.44.1",
              "default": true
            }
          ],
          "store_path": "/nix/store/p58fz5g7zai0bgh6rqyg9hfz0hmvng4m-go-task-3.44.1"
        },
        "aarch64-linux": {
          "outputs": [
            {
              "name": "out",
              "path": "/nix/store/qi3hx4hvcnzy317yihii2gm3gqgvvnw5-go-task-3.44.1",
              "default": true
            }
          ],
          "store_path": "/nix/store/qi3hx4hvcnzy317yihii2gm3gqgvvnw5-go-task-3.44.1"
        },
        "x86_64-darwin": {
          "outputs": [
            {
              "name": "out",
              "path": "/nix/store/n6xnr1iwm1yhcf6mji9l649djizbfg3b-go-task-3.44.1",
              "default": true
            }
          ],
          "store_path": "/nix/store/n6xnr1iwm1yhcf6mji9l649djizbfg3b-go-task-3.44.1"
        },
        "x86_64-linux": {
          "outputs": [
            {
              "name": "out",
              "path": "/nix/store/jjy9p73v67b6p555qs9ff3dasnlzafid-go-task-3.44.1",
              "default": true
            }
          ],
          "store_path": "/nix/store/jjy9p73v67b6p555qs9ff3dasnlzafid-go-task-3.44.1"
        }
      }
    },
    "hadolint@2.12.0": {
      "last_modified": "2025-09-18T16:33:27Z",
      "resolved": "github:NixOS/nixpkgs/f4b140d5b253f5e2a1ff4e5506edbf8267724bde#hadolint",
      "source": "devbox-search",
      "version": "2.12.0",
      "systems": {
        "aarch64-darwin": {
          "outputs": [
            {
              "name": "out",
              "path": "/nix/store/k17xx5cpg0iy4vrndd0hrvla9vajzwkj-hadolint-2.12.0",
              "default": true
            },
            {
              "name": "doc",
              "path": "/nix/store/xb64bdhry5hzfgc9g1grh7r1krlqh19i-hadolint-2.12.0-doc"
            }
          ],
          "store_path": "/nix/store/k17xx5cpg0iy4vrndd0hrvla9vajzwkj-hadolint-2.12.0"
        },
        "aarch64-linux": {
          "outputs": [
            {
              "name": "out",
              "path": "/nix/store/apghjax31m509sb2iwq24cqli2xl2x82-hadolint-2.12.0",
              "default": true
            }
          ],
          "store_path": "/nix/store/apghjax31m509sb2iwq24cqli2xl2x82-hadolint-2.12.0"
        },
        "x86_64-darwin": {
          "outputs": [
            {
              "name": "out",
              "path": "/nix/store/rfciwvxankz7px4kb7h5h5gr4sgc2n0j-hadolint-2.12.0",
              "default": true
            }
          ],
          "store_path": "/nix/store/rfciwvxankz7px4kb7h5h5gr4sgc2n0j-hadolint-2.12.0"
        },
        "x86_64-linux": {
          "outputs": [
            {
              "name": "out",
              "path": "/nix/store/4x0ax6lbrq9bq2n2hw4lbjhmbfv39kbp-hadolint-2.12.0",
              "default": true
            }
          ],
          "store_path": "/nix/store/4x0ax6lbrq9bq2n2hw4lbjhmbfv39kbp-hadolint-2.12.0"
        }
      }
    },
    "helm-docs@1.14.2": {
      "last_modified": "2025-09-18T16:33:27Z",
      "resolved": "github:NixOS/nixpkgs/f4b140d5b253f5e2a1ff4e5506edbf8267724bde#helm-docs",
      "source": "devbox-search",
      "version": "1.14.2",
      "systems": {
        "aarch64-darwin": {
          "outputs": [
            {
              "name": "out",
              "path": "/nix/store/l9yks0b95yd565czjzrz6ig4zidfzwmw-helm-docs-1.14.2",
              "default": true
            }
          ],
          "store_path": "/nix/store/l9yks0b95yd565czjzrz6ig4zidfzwmw-helm-docs-1.14.2"
        },
        "aarch64-linux": {
          "outputs": [
            {
              "name": "out",
              "path": "/nix/store/n4y6jd5fmx4ncka2pl1mm2nm2wvld34l-helm-docs-1.14.2",
              "default": true
            }
          ],
          "store_path": "/nix/store/n4y6jd5fmx4ncka2pl1mm2nm2wvld34l-helm-docs-1.14.2"
        },
        "x86_64-darwin": {
          "outputs": [
            {
              "name": "out",
              "path": "/nix/store/46ajn10kyg1i8nlgzq5c1bmifh98k95m-helm-docs-1.14.2",
              "default": true
            }
          ],
          "store_path": "/nix/store/46ajn10kyg1i8nlgzq5c1bmifh98k95m-helm-docs-1.14.2"
        },
        "x86_64-linux": {
          "outputs": [
            {
              "name": "out",
              "path": "/nix/store/kwxin6whz4dqrcrbxm707hi308dkh8kx-helm-docs-1.14.2",
              "default": true
            }
          ],
          "store_path": "/nix/store/kwxin6whz4dqrcrbxm707hi308dkh8kx-helm-docs-1.14.2"
        }
      }
    },
    "k3d@5.8.3": {
      "last_modified": "2025-09-18T16:33:27Z",
      "resolved": "github:NixOS/nixpkgs/f4b140d5b253f5e2a1ff4e5506edbf8267724bde#k3d",
      "source": "devbox-search",
      "version": "5.8.3",
      "systems": {
        "aarch64-darwin": {
          "outputs": [
            {
              "name": "out",
              "path": "/nix/store/2nkc80v1678z9098586b7yszx7l9dwyk-k3d-5.8.3",
              "default": true
            }
          ],
          "store_path": "/nix/store/2nkc80v1678z9098586b7yszx7l9dwyk-k3d-5.8.3"
        },
        "aarch64-linux": {
          "outputs": [
            {
              "name": "out",
              "path": "/nix/store/svzl0ggf1vr2ap0lpdnm9zvb4n19hjih-k3d-5.8.3",
              "default": true
            }
          ],
          "store_path": "/nix/store/svzl0ggf1vr2ap0lpdnm9zvb4n19hjih-k3d-5.8.3"
        },
        "x86_64-darwin": {
          "outputs": [
            {
              "name": "out",
              "path": "/nix/store/bzavpdq0qb6dqnjcfa7sgg0fivp3jp21-k3d-5.8.3",
              "default": true
            }
          ],
          "store_path": "/nix/store/bzavpdq0qb6dqnjcfa7sgg0fivp3jp21-k3d-5.8.3"
        },
        "x86_64-linux": {
          "outputs": [
            {
              "name": "out",
              "path": "/nix/store/b4hk4vg78wnz3gjngqwn19kjijrki0h6-k3d-5.8.3",
              "default": true
            }
          ],
          "store_path": "/nix/store/b4hk4vg78wnz3gjngqwn19kjijrki0h6-k3d-5.8.3"
        }
      }
    },
    "k9s@0.50.9": {
      "last_modified": "2025-09-18T16:33:27Z",
      "resolved": "github:NixOS/nixpkgs/f4b140d5b253f5e2a1ff4e5506edbf8267724bde#k9s",
      "source": "devbox-search",
      "version": "0.50.9",
      "systems": {
        "aarch64-darwin": {
          "outputs": [
            {
              "name": "out",
              "path": "/nix/store/73nhddg42hq5an2nhjxkyps637s0rc4n-k9s-0.50.9",
              "default": true
            }
          ],
          "store_path": "/nix/store/73nhddg42hq5an2nhjxkyps637s0rc4n-k9s-0.50.9"
        },
        "aarch64-linux": {
          "outputs": [
            {
              "name": "out",
              "path": "/nix/store/3xdpyzlhw8nw43dkcp576fjccxzwrwl8-k9s-0.50.9",
              "default": true
            }
          ],
          "store_path": "/nix/store/3xdpyzlhw8nw43dkcp576fjccxzwrwl8-k9s-0.50.9"
        },
        "x86_64-darwin": {
          "outputs": [
            {
              "name": "out",
              "path": "/nix/store/c4p8inzfpjmr5kdshihvnfqw67ix7nms-k9s-0.50.9",
              "default": true
            }
          ],
          "store_path": "/nix/store/c4p8inzfpjmr5kdshihvnfqw67ix7nms-k9s-0.50.9"
        },
        "x86_64-linux": {
          "outputs": [
            {
              "name": "out",
              "path": "/nix/store/2hgbs9rps8sc7yfyijgvgdksg4bnhrs2-k9s-0.50.9",
              "default": true
            }
          ],
          "store_path": "/nix/store/2hgbs9rps8sc7yfyijgvgdksg4bnhrs2-k9s-0.50.9"
        }
      }
    },
    "kubectl-convert@latest": {
      "last_modified": "2025-09-18T16:33:27Z",
      "resolved": "github:NixOS/nixpkgs/f4b140d5b253f5e2a1ff4e5506edbf8267724bde#kubectl-convert",
      "source": "devbox-search",
      "version": "1.33.4",
      "systems": {
        "aarch64-darwin": {
          "outputs": [
            {
              "name": "convert",
              "path": "/nix/store/p7xb87g2vz00n97fhaaqwr9jdvcp5647-kubectl-1.33.4-convert",
              "default": true
            },
            {
              "name": "out",
              "path": "/nix/store/l9qa55xhnsif5bd8jc558pl2kraiwisx-kubectl-1.33.4",
              "default": true
            },
            {
              "name": "man",
              "path": "/nix/store/1ax04d2wdfp63df3gbjdsq523ql895yc-kubectl-1.33.4-man",
              "default": true
            }
          ],
          "store_path": "/nix/store/p7xb87g2vz00n97fhaaqwr9jdvcp5647-kubectl-1.33.4-convert"
        },
        "aarch64-linux": {
          "outputs": [
            {
              "name": "convert",
              "path": "/nix/store/5sxzhci6fxn8jv3x9xkab1jdb43ynpzr-kubectl-1.33.4-convert",
              "default": true
            },
            {
              "name": "out",
              "path": "/nix/store/a95sq4yvhbrh4njn49glnp2xmbd3k3q1-kubectl-1.33.4",
              "default": true
            },
            {
              "name": "man",
              "path": "/nix/store/5jnghhpmiympxr759s1pqbksg3gld6d8-kubectl-1.33.4-man",
              "default": true
            }
          ],
          "store_path": "/nix/store/5sxzhci6fxn8jv3x9xkab1jdb43ynpzr-kubectl-1.33.4-convert"
        },
        "x86_64-darwin": {
          "outputs": [
            {
              "name": "convert",
              "path": "/nix/store/2kfp817d37kbsrjh48f8l26hmf12b97z-kubectl-1.33.4-convert",
              "default": true
            },
            {
              "name": "out",
              "path": "/nix/store/417lxr3l5cy3m86iywhhrkbkx2j9y1xk-kubectl-1.33.4",
              "default": true
            },
            {
              "name": "man",
              "path": "/nix/store/q5gf3an5cmfzyl2wqw21ll01yfmjxm0j-kubectl-1.33.4-man",
              "default": true
            }
          ],
          "store_path": "/nix/store/2kfp817d37kbsrjh48f8l26hmf12b97z-kubectl-1.33.4-convert"
        },
        "x86_64-linux": {
          "outputs": [
            {
              "name": "convert",
              "path": "/nix/store/1yhls3wrancjn52md7552kyalbh7dd5b-kubectl-1.33.4-convert",
              "default": true
            },
            {
              "name": "out",
              "path": "/nix/store/abp5rhv8vnij5k08m5id75vdq4nnkqqq-kubectl-1.33.4",
              "default": true
            },
            {
              "name": "man",
              "path": "/nix/store/75afy3w5985pck1f7bvwwq7gzawf9i9c-kubectl-1.33.4-man",
              "default": true
            }
          ],
          "store_path": "/nix/store/1yhls3wrancjn52md7552kyalbh7dd5b-kubectl-1.33.4-convert"
        }
      }
    },
    "kubectl-doctor@latest": {
      "last_modified": "2025-09-18T16:33:27Z",
      "resolved": "github:NixOS/nixpkgs/f4b140d5b253f5e2a1ff4e5506edbf8267724bde#kubectl-doctor",
      "source": "devbox-search",
      "version": "0.3.1",
      "systems": {
        "aarch64-darwin": {
          "outputs": [
            {
              "name": "out",
              "path": "/nix/store/q0qh2wfsjwkyg0pqigh06qdfrjy0f5hp-kubectl-doctor-0.3.1",
              "default": true
            }
          ],
          "store_path": "/nix/store/q0qh2wfsjwkyg0pqigh06qdfrjy0f5hp-kubectl-doctor-0.3.1"
        },
        "aarch64-linux": {
          "outputs": [
            {
              "name": "out",
              "path": "/nix/store/37nk7wk2bppqbi6qdgv7gvj9milcpcyq-kubectl-doctor-0.3.1",
              "default": true
            }
          ],
          "store_path": "/nix/store/37nk7wk2bppqbi6qdgv7gvj9milcpcyq-kubectl-doctor-0.3.1"
        },
        "x86_64-darwin": {
          "outputs": [
            {
              "name": "out",
              "path": "/nix/store/nrywlpwpa7qivazncdrxlvfly7p9dqhs-kubectl-doctor-0.3.1",
              "default": true
            }
          ],
          "store_path": "/nix/store/nrywlpwpa7qivazncdrxlvfly7p9dqhs-kubectl-doctor-0.3.1"
        },
        "x86_64-linux": {
          "outputs": [
            {
              "name": "out",
              "path": "/nix/store/pdb16g8mikmpmgyl6kmnjp07kxq3cy22-kubectl-doctor-0.3.1",
              "default": true
            }
          ],
          "store_path": "/nix/store/pdb16g8mikmpmgyl6kmnjp07kxq3cy22-kubectl-doctor-0.3.1"
        }
      }
    },
    "kubectl-graph@latest": {
      "last_modified": "2025-09-18T16:33:27Z",
      "resolved": "github:NixOS/nixpkgs/f4b140d5b253f5e2a1ff4e5506edbf8267724bde#kubectl-graph",
      "source": "devbox-search",
      "version": "0.7.0",
      "systems": {
        "aarch64-darwin": {
          "outputs": [
            {
              "name": "out",
              "path": "/nix/store/dmg4gz0d6shl1q8nwv73qn9zdryc9809-kubectl-graph-0.7.0",
              "default": true
            }
          ],
          "store_path": "/nix/store/dmg4gz0d6shl1q8nwv73qn9zdryc9809-kubectl-graph-0.7.0"
        },
        "aarch64-linux": {
          "outputs": [
            {
              "name": "out",
              "path": "/nix/store/vn2f12myd2i6wrhz6kx0nqmdfzhcq8dl-kubectl-graph-0.7.0",
              "default": true
            }
          ],
          "store_path": "/nix/store/vn2f12myd2i6wrhz6kx0nqmdfzhcq8dl-kubectl-graph-0.7.0"
        },
        "x86_64-darwin": {
          "outputs": [
            {
              "name": "out",
              "path": "/nix/store/ar192war5yxkngmfrr7xgxs6lh9sg0hg-kubectl-graph-0.7.0",
              "default": true
            }
          ],
          "store_path": "/nix/store/ar192war5yxkngmfrr7xgxs6lh9sg0hg-kubectl-graph-0.7.0"
        },
        "x86_64-linux": {
          "outputs": [
            {
              "name": "out",
              "path": "/nix/store/qv9zhpcpnbv8wyi9z5r0pm0nbgbcd9bx-kubectl-graph-0.7.0",
              "default": true
            }
          ],
          "store_path": "/nix/store/qv9zhpcpnbv8wyi9z5r0pm0nbgbcd9bx-kubectl-graph-0.7.0"
        }
      }
    },
    "kubectl-klock@latest": {
      "last_modified": "2025-09-18T16:33:27Z",
      "resolved": "github:NixOS/nixpkgs/f4b140d5b253f5e2a1ff4e5506edbf8267724bde#kubectl-klock",
      "source": "devbox-search",
      "version": "0.8.2",
      "systems": {
        "aarch64-darwin": {
          "outputs": [
            {
              "name": "out",
              "path": "/nix/store/jajb6gmcw5yg7xbhklvywhk9vr2v3y73-kubectl-klock-0.8.2",
              "default": true
            }
          ],
          "store_path": "/nix/store/jajb6gmcw5yg7xbhklvywhk9vr2v3y73-kubectl-klock-0.8.2"
        },
        "aarch64-linux": {
          "outputs": [
            {
              "name": "out",
              "path": "/nix/store/hs6q1lfhpmyj8i791w38fdb12lc6jl5k-kubectl-klock-0.8.2",
              "default": true
            }
          ],
          "store_path": "/nix/store/hs6q1lfhpmyj8i791w38fdb12lc6jl5k-kubectl-klock-0.8.2"
        },
        "x86_64-darwin": {
          "outputs": [
            {
              "name": "out",
              "path": "/nix/store/8ax98nbnpzfblid8vwcjw7zn95bfgwj7-kubectl-klock-0.8.2",
              "default": true
            }
          ],
          "store_path": "/nix/store/8ax98nbnpzfblid8vwcjw7zn95bfgwj7-kubectl-klock-0.8.2"
        },
        "x86_64-linux": {
          "outputs": [
            {
              "name": "out",
              "path": "/nix/store/w9ykjx9yfdbxnvxl3d8805n18qb2hy92-kubectl-klock-0.8.2",
              "default": true
            }
          ],
          "store_path": "/nix/store/w9ykjx9yfdbxnvxl3d8805n18qb2hy92-kubectl-klock-0.8.2"
        }
      }
    },
    "kubectl-ktop@latest": {
      "last_modified": "2025-09-18T16:33:27Z",
      "resolved": "github:NixOS/nixpkgs/f4b140d5b253f5e2a1ff4e5506edbf8267724bde#kubectl-ktop",
      "source": "devbox-search",
      "version": "0.4.1",
      "systems": {
        "aarch64-darwin": {
          "outputs": [
            {
              "name": "out",
              "path": "/nix/store/dy70mc9mvzzc9cznskkzk7drw9m396vh-kubectl-ktop-0.4.1",
              "default": true
            }
          ],
          "store_path": "/nix/store/dy70mc9mvzzc9cznskkzk7drw9m396vh-kubectl-ktop-0.4.1"
        },
        "aarch64-linux": {
          "outputs": [
            {
              "name": "out",
              "path": "/nix/store/183vz1skzrn9cqm9wzk36gksc056ahm0-kubectl-ktop-0.4.1",
              "default": true
            }
          ],
          "store_path": "/nix/store/183vz1skzrn9cqm9wzk36gksc056ahm0-kubectl-ktop-0.4.1"
        },
        "x86_64-darwin": {
          "outputs": [
            {
              "name": "out",
              "path": "/nix/store/h04kgvd3fx5brhn68pgp3idzwyw21nly-kubectl-ktop-0.4.1",
              "default": true
            }
          ],
          "store_path": "/nix/store/h04kgvd3fx5brhn68pgp3idzwyw21nly-kubectl-ktop-0.4.1"
        },
        "x86_64-linux": {
          "outputs": [
            {
              "name": "out",
              "path": "/nix/store/9a1vz3zkk1x51yk5vn2mf278490za0ad-kubectl-ktop-0.4.1",
              "default": true
            }
          ],
          "store_path": "/nix/store/9a1vz3zkk1x51yk5vn2mf278490za0ad-kubectl-ktop-0.4.1"
        }
      }
    },
    "kubectl@1.33.4": {
      "last_modified": "2025-09-18T16:33:27Z",
      "resolved": "github:NixOS/nixpkgs/f4b140d5b253f5e2a1ff4e5506edbf8267724bde#kubectl",
      "source": "devbox-search",
      "version": "1.33.4",
      "systems": {
        "aarch64-darwin": {
          "outputs": [
            {
              "name": "out",
              "path": "/nix/store/l9qa55xhnsif5bd8jc558pl2kraiwisx-kubectl-1.33.4",
              "default": true
            },
            {
              "name": "man",
              "path": "/nix/store/1ax04d2wdfp63df3gbjdsq523ql895yc-kubectl-1.33.4-man",
              "default": true
            },
            {
              "name": "convert",
              "path": "/nix/store/p7xb87g2vz00n97fhaaqwr9jdvcp5647-kubectl-1.33.4-convert"
            }
          ],
          "store_path": "/nix/store/l9qa55xhnsif5bd8jc558pl2kraiwisx-kubectl-1.33.4"
        },
        "aarch64-linux": {
          "outputs": [
            {
              "name": "out",
              "path": "/nix/store/a95sq4yvhbrh4njn49glnp2xmbd3k3q1-kubectl-1.33.4",
              "default": true
            },
            {
              "name": "man",
              "path": "/nix/store/5jnghhpmiympxr759s1pqbksg3gld6d8-kubectl-1.33.4-man",
              "default": true
            },
            {
              "name": "convert",
              "path": "/nix/store/5sxzhci6fxn8jv3x9xkab1jdb43ynpzr-kubectl-1.33.4-convert"
            }
          ],
          "store_path": "/nix/store/a95sq4yvhbrh4njn49glnp2xmbd3k3q1-kubectl-1.33.4"
        },
        "x86_64-darwin": {
          "outputs": [
            {
              "name": "out",
              "path": "/nix/store/417lxr3l5cy3m86iywhhrkbkx2j9y1xk-kubectl-1.33.4",
              "default": true
            },
            {
              "name": "man",
              "path": "/nix/store/q5gf3an5cmfzyl2wqw21ll01yfmjxm0j-kubectl-1.33.4-man",
              "default": true
            },
            {
              "name": "convert",
              "path": "/nix/store/2kfp817d37kbsrjh48f8l26hmf12b97z-kubectl-1.33.4-convert"
            }
          ],
          "store_path": "/nix/store/417lxr3l5cy3m86iywhhrkbkx2j9y1xk-kubectl-1.33.4"
        },
        "x86_64-linux": {
          "outputs": [
            {
              "name": "out",
              "path": "/nix/store/abp5rhv8vnij5k08m5id75vdq4nnkqqq-kubectl-1.33.4",
              "default": true
            },
            {
              "name": "man",
              "path": "/nix/store/75afy3w5985pck1f7bvwwq7gzawf9i9c-kubectl-1.33.4-man",
              "default": true
            },
            {
              "name": "convert",
              "path": "/nix/store/1yhls3wrancjn52md7552kyalbh7dd5b-kubectl-1.33.4-convert"
            }
          ],
          "store_path": "/nix/store/abp5rhv8vnij5k08m5id75vdq4nnkqqq-kubectl-1.33.4"
        }
      }
    },
    "kubernetes-helm@3.19.0": {
      "last_modified": "2025-09-18T16:33:27Z",
      "resolved": "github:NixOS/nixpkgs/f4b140d5b253f5e2a1ff4e5506edbf8267724bde#kubernetes-helm",
      "source": "devbox-search",
      "version": "3.19.0",
      "systems": {
        "aarch64-darwin": {
          "outputs": [
            {
              "name": "out",
              "path": "/nix/store/8irl5599sb6a89qqa9y3mb8j4d2h2vm2-kubernetes-helm-3.19.0",
              "default": true
            }
          ],
          "store_path": "/nix/store/8irl5599sb6a89qqa9y3mb8j4d2h2vm2-kubernetes-helm-3.19.0"
        },
        "aarch64-linux": {
          "outputs": [
            {
              "name": "out",
              "path": "/nix/store/xqrwcjbk1mkp72y9gdqk0h770s7jfqwy-kubernetes-helm-3.19.0",
              "default": true
            }
          ],
          "store_path": "/nix/store/xqrwcjbk1mkp72y9gdqk0h770s7jfqwy-kubernetes-helm-3.19.0"
        },
        "x86_64-darwin": {
          "outputs": [
            {
              "name": "out",
              "path": "/nix/store/5k9n5ifg8j39wqgidmihxcw3jn03hr6x-kubernetes-helm-3.19.0",
              "default": true
            }
          ],
          "store_path": "/nix/store/5k9n5ifg8j39wqgidmihxcw3jn03hr6x-kubernetes-helm-3.19.0"
        },
        "x86_64-linux": {
          "outputs": [
            {
              "name": "out",
              "path": "/nix/store/xhdxsw1rkwpj4j1c020r9bii97n9d624-kubernetes-helm-3.19.0",
              "default": true
            }
          ],
          "store_path": "/nix/store/xhdxsw1rkwpj4j1c020r9bii97n9d624-kubernetes-helm-3.19.0"
        }
      }
    },
    "kubeval@0.16.1": {
      "last_modified": "2025-09-18T16:33:27Z",
      "resolved": "github:NixOS/nixpkgs/f4b140d5b253f5e2a1ff4e5506edbf8267724bde#kubeval",
      "source": "devbox-search",
      "version": "0.16.1",
      "systems": {
        "aarch64-darwin": {
          "outputs": [
            {
              "name": "out",
              "path": "/nix/store/j19l1jw3j0dzivs2ycy3z854xl8d4ws6-kubeval-0.16.1",
              "default": true
            }
          ],
          "store_path": "/nix/store/j19l1jw3j0dzivs2ycy3z854xl8d4ws6-kubeval-0.16.1"
        },
        "aarch64-linux": {
          "outputs": [
            {
              "name": "out",
              "path": "/nix/store/k85560id9xxyacw4i8kqldvrnnjxd5wc-kubeval-0.16.1",
              "default": true
            }
          ],
          "store_path": "/nix/store/k85560id9xxyacw4i8kqldvrnnjxd5wc-kubeval-0.16.1"
        },
        "x86_64-darwin": {
          "outputs": [
            {
              "name": "out",
              "path": "/nix/store/rlwg26j6s06n1zhwls2k3b57wbsgnss7-kubeval-0.16.1",
              "default": true
            }
          ],
          "store_path": "/nix/store/rlwg26j6s06n1zhwls2k3b57wbsgnss7-kubeval-0.16.1"
        },
        "x86_64-linux": {
          "outputs": [
            {
              "name": "out",
              "path": "/nix/store/zsw07hy9sli8m5vai60sp4r6i685vl1x-kubeval-0.16.1",
              "default": true
            }
          ],
          "store_path": "/nix/store/zsw07hy9sli8m5vai60sp4r6i685vl1x-kubeval-0.16.1"
        }
      }
    },
    "kustomize@5.7.1": {
      "last_modified": "2025-09-18T16:33:27Z",
      "resolved": "github:NixOS/nixpkgs/f4b140d5b253f5e2a1ff4e5506edbf8267724bde#kustomize",
      "source": "devbox-search",
      "version": "5.7.1",
      "systems": {
        "aarch64-darwin": {
          "outputs": [
            {
              "name": "out",
              "path": "/nix/store/5pgyq35qpyfrn6mf3ggplyaj7q5ffyc5-kustomize-5.7.1",
              "default": true
            }
          ],
          "store_path": "/nix/store/5pgyq35qpyfrn6mf3ggplyaj7q5ffyc5-kustomize-5.7.1"
        },
        "aarch64-linux": {
          "outputs": [
            {
              "name": "out",
              "path": "/nix/store/7dyf7f45vbk17yyqi2ixm0q9vr3wxnhj-kustomize-5.7.1",
              "default": true
            }
          ],
          "store_path": "/nix/store/7dyf7f45vbk17yyqi2ixm0q9vr3wxnhj-kustomize-5.7.1"
        },
        "x86_64-darwin": {
          "outputs": [
            {
              "name": "out",
              "path": "/nix/store/10z0szlvplmgbs5621shaqni7lnn66qy-kustomize-5.7.1",
              "default": true
            }
          ],
          "store_path": "/nix/store/10z0szlvplmgbs5621shaqni7lnn66qy-kustomize-5.7.1"
        },
        "x86_64-linux": {
          "outputs": [
            {
              "name": "out",
              "path": "/nix/store/0rxls8l3yfxrm3d1iax9yhq9l4x23zzh-kustomize-5.7.1",
              "default": true
            }
          ],
          "store_path": "/nix/store/0rxls8l3yfxrm3d1iax9yhq9l4x23zzh-kustomize-5.7.1"
        }
      }
    },
    "kyverno@1.15.1": {
      "last_modified": "2025-09-18T16:33:27Z",
      "resolved": "github:NixOS/nixpkgs/f4b140d5b253f5e2a1ff4e5506edbf8267724bde#kyverno",
      "source": "devbox-search",
      "version": "1.15.1",
      "systems": {
        "aarch64-darwin": {
          "outputs": [
            {
              "name": "out",
              "path": "/nix/store/hm9ysyfyv1bl01nj6rjqy42gpym67qda-kyverno-1.15.1",
              "default": true
            }
          ],
          "store_path": "/nix/store/hm9ysyfyv1bl01nj6rjqy42gpym67qda-kyverno-1.15.1"
        },
        "aarch64-linux": {
          "outputs": [
            {
              "name": "out",
              "path": "/nix/store/q39ckaha9fb87w6xrv1byvqcaaz4fp4l-kyverno-1.15.1",
              "default": true
            }
          ],
          "store_path": "/nix/store/q39ckaha9fb87w6xrv1byvqcaaz4fp4l-kyverno-1.15.1"
        },
        "x86_64-darwin": {
          "outputs": [
            {
              "name": "out",
              "path": "/nix/store/hrzb6z4b9hn523sizpvial3g8did5ia0-kyverno-1.15.1",
              "default": true
            }
          ],
          "store_path": "/nix/store/hrzb6z4b9hn523sizpvial3g8did5ia0-kyverno-1.15.1"
        },
        "x86_64-linux": {
          "outputs": [
            {
              "name": "out",
              "path": "/nix/store/a2p7d013n4jyximpxwb7lm491cnvaqan-kyverno-1.15.1",
              "default": true
            }
          ],
          "store_path": "/nix/store/a2p7d013n4jyximpxwb7lm491cnvaqan-kyverno-1.15.1"
        }
      }
    },
    "markdownlint-cli2@0.18.1": {
      "last_modified": "2025-09-18T16:33:27Z",
      "resolved": "github:NixOS/nixpkgs/f4b140d5b253f5e2a1ff4e5506edbf8267724bde#markdownlint-cli2",
      "source": "devbox-search",
      "version": "0.18.1",
      "systems": {
        "aarch64-darwin": {
          "outputs": [
            {
              "name": "out",
              "path": "/nix/store/d3sqdqvxcb5vswz0k0i1xf3f4qyh08pq-markdownlint-cli2-0.18.1",
              "default": true
            }
          ],
          "store_path": "/nix/store/d3sqdqvxcb5vswz0k0i1xf3f4qyh08pq-markdownlint-cli2-0.18.1"
        },
        "aarch64-linux": {
          "outputs": [
            {
              "name": "out",
              "path": "/nix/store/fak4rqjlz73a7i17slsp62yzp2v0fc65-markdownlint-cli2-0.18.1",
              "default": true
            }
          ],
          "store_path": "/nix/store/fak4rqjlz73a7i17slsp62yzp2v0fc65-markdownlint-cli2-0.18.1"
        },
        "x86_64-darwin": {
          "outputs": [
            {
              "name": "out",
              "path": "/nix/store/19qlmh0w83f9zcwazv3h8hr717jr4kfn-markdownlint-cli2-0.18.1",
              "default": true
            }
          ],
          "store_path": "/nix/store/19qlmh0w83f9zcwazv3h8hr717jr4kfn-markdownlint-cli2-0.18.1"
        },
        "x86_64-linux": {
          "outputs": [
            {
              "name": "out",
              "path": "/nix/store/6kxfprs5snd4qd6p3s8nri94i7aghbd7-markdownlint-cli2-0.18.1",
              "default": true
            }
          ],
          "store_path": "/nix/store/6kxfprs5snd4qd6p3s8nri94i7aghbd7-markdownlint-cli2-0.18.1"
        }
      }
    },
    "prettier@3.6.2": {
      "last_modified": "2025-09-18T16:33:27Z",
      "resolved": "github:NixOS/nixpkgs/f4b140d5b253f5e2a1ff4e5506edbf8267724bde#prettier",
      "source": "devbox-search",
      "version": "3.6.2",
      "systems": {
        "aarch64-darwin": {
          "outputs": [
            {
              "name": "out",
              "path": "/nix/store/s160mwzqzw1148h4vwq7pkys1bsflfmn-prettier-3.6.2",
              "default": true
            }
          ],
          "store_path": "/nix/store/s160mwzqzw1148h4vwq7pkys1bsflfmn-prettier-3.6.2"
        },
        "aarch64-linux": {
          "outputs": [
            {
              "name": "out",
              "path": "/nix/store/lksdp4x8sy3cydwz42nwbf1l4z5an8kr-prettier-3.6.2",
              "default": true
            }
          ],
          "store_path": "/nix/store/lksdp4x8sy3cydwz42nwbf1l4z5an8kr-prettier-3.6.2"
        },
        "x86_64-darwin": {
          "outputs": [
            {
              "name": "out",
              "path": "/nix/store/gw89c6hrs9lid718q8s7s9vd8y81211v-prettier-3.6.2",
              "default": true
            }
          ],
          "store_path": "/nix/store/gw89c6hrs9lid718q8s7s9vd8y81211v-prettier-3.6.2"
        },
        "x86_64-linux": {
          "outputs": [
            {
              "name": "out",
              "path": "/nix/store/y051bmlqrpk345mv98nhfskvg1f2k4jq-prettier-3.6.2",
              "default": true
            }
          ],
          "store_path": "/nix/store/y051bmlqrpk345mv98nhfskvg1f2k4jq-prettier-3.6.2"
        }
      }
    },
    "shellcheck@0.10.0": {
      "last_modified": "2025-09-18T16:33:27Z",
      "resolved": "github:NixOS/nixpkgs/f4b140d5b253f5e2a1ff4e5506edbf8267724bde#shellcheck",
      "source": "devbox-search",
      "version": "0.10.0",
      "systems": {
        "aarch64-darwin": {
          "outputs": [
            {
              "name": "bin",
              "path": "/nix/store/dxppq6y4mb663r0li716pavrahwh9sws-shellcheck-0.10.0-bin",
              "default": true
            },
            {
              "name": "man",
              "path": "/nix/store/7lpymai82rrcps6z7zl4q5j69w3pp5ng-shellcheck-0.10.0-man",
              "default": true
            },
            {
              "name": "doc",
              "path": "/nix/store/0wbb09lk7bx9ywc453a8nnw41hc8qp1i-shellcheck-0.10.0-doc",
              "default": true
            },
            {
              "name": "out",
              "path": "/nix/store/ffxba7sh87j0vg759cjm7qmcadsmbfw7-shellcheck-0.10.0"
            }
          ],
          "store_path": "/nix/store/dxppq6y4mb663r0li716pavrahwh9sws-shellcheck-0.10.0-bin"
        },
        "aarch64-linux": {
          "outputs": [
            {
              "name": "bin",
              "path": "/nix/store/kvhcnjzmjyqc641yd57f7g26nraw64sm-shellcheck-0.10.0-bin",
              "default": true
            },
            {
              "name": "man",
              "path": "/nix/store/2ps0gaalsjfvd6vh0zhq2l4d6xgrma8l-shellcheck-0.10.0-man",
              "default": true
            },
            {
              "name": "doc",
              "path": "/nix/store/vn7d2fwlkjgq6hy3c7gjcypg3slkf592-shellcheck-0.10.0-doc",
              "default": true
            },
            {
              "name": "out",
              "path": "/nix/store/dxqnpdj372kh001d84dg29l6l3aflrc0-shellcheck-0.10.0"
            }
          ],
          "store_path": "/nix/store/kvhcnjzmjyqc641yd57f7g26nraw64sm-shellcheck-0.10.0-bin"
        },
        "x86_64-darwin": {
          "outputs": [
            {
              "name": "bin",
              "path": "/nix/store/ri8byd60sb58xqf3m0bli53xflx9n4l4-shellcheck-0.10.0-bin",
              "default": true
            },
            {
              "name": "man",
              "path": "/nix/store/0an459l9ajzapm9kinqh344xnlzp70fy-shellcheck-0.10.0-man",
              "default": true
            },
            {
              "name": "doc",
              "path": "/nix/store/b1hcrb9c98w7cwqjc5wy5rrfx1gnw7lz-shellcheck-0.10.0-doc",
              "default": true
            },
            {
              "name": "out",
              "path": "/nix/store/5rfsd78v2il52xqvxmx15pp52zlds4al-shellcheck-0.10.0"
            }
          ],
          "store_path": "/nix/store/ri8byd60sb58xqf3m0bli53xflx9n4l4-shellcheck-0.10.0-bin"
        },
        "x86_64-linux": {
          "outputs": [
            {
              "name": "bin",
              "path": "/nix/store/ayfrkdpk1sygzwwjqh19gcp5sfh557zd-shellcheck-0.10.0-bin",
              "default": true
            },
            {
              "name": "man",
              "path": "/nix/store/n8asflghb73ph65f2ixvr8hv6h7v9w0g-shellcheck-0.10.0-man",
              "default": true
            },
            {
              "name": "doc",
              "path": "/nix/store/wgb75fahwjf0h5gc7ww5zcvkhbm88sps-shellcheck-0.10.0-doc",
              "default": true
            },
            {
              "name": "out",
              "path": "/nix/store/vh0ng4iyxch4lqmjmkbbjx8dw8xp569y-shellcheck-0.10.0"
            }
          ],
          "store_path": "/nix/store/ayfrkdpk1sygzwwjqh19gcp5sfh557zd-shellcheck-0.10.0-bin"
        }
      }
    },
    "trufflehog@3.90.8": {
      "last_modified": "2025-09-18T16:33:27Z",
      "resolved": "github:NixOS/nixpkgs/f4b140d5b253f5e2a1ff4e5506edbf8267724bde#trufflehog",
      "source": "devbox-search",
      "version": "3.90.8",
      "systems": {
        "aarch64-darwin": {
          "outputs": [
            {
              "name": "out",
              "path": "/nix/store/ah8lgm29wzzar55wg4dsnbyxqjpgq00n-trufflehog-3.90.8",
              "default": true
            }
          ],
          "store_path": "/nix/store/ah8lgm29wzzar55wg4dsnbyxqjpgq00n-trufflehog-3.90.8"
        },
        "aarch64-linux": {
          "outputs": [
            {
              "name": "out",
              "path": "/nix/store/lhy0kmm9k4x6pk98disr5x4bqn9bc8ca-trufflehog-3.90.8",
              "default": true
            }
          ],
          "store_path": "/nix/store/lhy0kmm9k4x6pk98disr5x4bqn9bc8ca-trufflehog-3.90.8"
        },
        "x86_64-darwin": {
          "outputs": [
            {
              "name": "out",
              "path": "/nix/store/34yccii5dp6smjrfnm0kvk2kja1lfx2p-trufflehog-3.90.8",
              "default": true
            }
          ],
          "store_path": "/nix/store/34yccii5dp6smjrfnm0kvk2kja1lfx2p-trufflehog-3.90.8"
        },
        "x86_64-linux": {
          "outputs": [
            {
              "name": "out",
              "path": "/nix/store/fwjzjxf3qvz4xykfw5ffczl0pfn6hwiw-trufflehog-3.90.8",
              "default": true
            }
          ],
          "store_path": "/nix/store/fwjzjxf3qvz4xykfw5ffczl0pfn6hwiw-trufflehog-3.90.8"
        }
      }
    },
    "yamllint@1.37.1": {
      "last_modified": "2025-09-18T16:33:27Z",
      "resolved": "github:NixOS/nixpkgs/f4b140d5b253f5e2a1ff4e5506edbf8267724bde#yamllint",
      "source": "devbox-search",
      "version": "1.37.1",
      "systems": {
        "aarch64-darwin": {
          "outputs": [
            {
              "name": "out",
              "path": "/nix/store/1ajlhkwnvxnirqacd95ccvcp4n4a2l6d-python3.13-yamllint-1.37.1",
              "default": true
            },
            {
              "name": "dist",
              "path": "/nix/store/nc9v27cadla3hzarrypl7xqv714aj851-python3.13-yamllint-1.37.1-dist"
            }
          ],
          "store_path": "/nix/store/1ajlhkwnvxnirqacd95ccvcp4n4a2l6d-python3.13-yamllint-1.37.1"
        },
        "aarch64-linux": {
          "outputs": [
            {
              "name": "out",
              "path": "/nix/store/wdn4zyww6gv95lhz0jvcfrf0an4vfbjf-python3.13-yamllint-1.37.1",
              "default": true
            },
            {
              "name": "dist",
              "path": "/nix/store/llpps8kklgvx2m7xa8vnbfhcdrkirii7-python3.13-yamllint-1.37.1-dist"
            }
          ],
          "store_path": "/nix/store/wdn4zyww6gv95lhz0jvcfrf0an4vfbjf-python3.13-yamllint-1.37.1"
        },
        "x86_64-darwin": {
          "outputs": [
            {
              "name": "out",
              "path": "/nix/store/6yfzxvgkr2v043462sm2h6g2pjkm506n-python3.13-yamllint-1.37.1",
              "default": true
            },
            {
              "name": "dist",
              "path": "/nix/store/hjh468yvb9nrw6jhizirvrjym8ngq35q-python3.13-yamllint-1.37.1-dist"
            }
          ],
          "store_path": "/nix/store/6yfzxvgkr2v043462sm2h6g2pjkm506n-python3.13-yamllint-1.37.1"
        },
        "x86_64-linux": {
          "outputs": [
            {
              "name": "out",
              "path": "/nix/store/0v7zz7l98yw23xwk2j4fkccbj36dpjml-python3.13-yamllint-1.37.1",
              "default": true
            },
            {
              "name": "dist",
              "path": "/nix/store/wpnf4f2x6qjkkk31s0505qiima771vxw-python3.13-yamllint-1.37.1-dist"
            }
          ],
          "store_path": "/nix/store/0v7zz7l98yw23xwk2j4fkccbj36dpjml-python3.13-yamllint-1.37.1"
        }
      }
    }
  }
}
